
Microsoft Visual Studio Solution File, Format Version 12.00
# Visual Studio Version 16
VisualStudioVersion = 16.0.28803.202
MinimumVisualStudioVersion = 10.0.40219.1
Project("{9A19103F-16F7-4668-BE54-9A1E7A4F7556}") = "SwaggerOcelot", "SwaggerOcelot.csproj", "{72EC0D42-86AC-4A01-A14C-A1D884B32D4E}"
EndProject
Global
	GlobalSection(SolutionConfigurationPlatforms) = preSolution
		Debug|Any CPU = Debug|Any CPU
		Release|Any CPU = Release|Any CPU
	EndGlobalSection
	GlobalSection(ProjectConfigurationPlatforms) = postSolution
		{72EC0D42-86AC-4A01-A14C-A1D884B32D4E}.Debug|Any CPU.ActiveCfg = Debug|Any CPU
		{72EC0D42-86AC-4A01-A14C-A1D884B32D4E}.Debug|Any CPU.Build.0 = Debug|Any CPU
		{72EC0D42-86AC-4A01-A14C-A1D884B32D4E}.Release|Any CPU.ActiveCfg = Release|Any CPU
		{72EC0D42-86AC-4A01-A14C-A1D884B32D4E}.Release|Any CPU.Build.0 = Release|Any CPU
	EndGlobalSection
	GlobalSection(SolutionProperties) = preSolution
		HideSolutionNode = FALSE
	EndGlobalSection
	GlobalSection(ExtensibilityGlobals) = postSolution
		SolutionGuid = {DDF55C42-D9D5-4090-9162-CC701DD5178A}
	EndGlobalSection
EndGlobal
