
Microsoft Visual Studio Solution File, Format Version 12.00
# Visual Studio Version 16
VisualStudioVersion = 16.0.28803.202
MinimumVisualStudioVersion = 10.0.40219.1
Project("{FAE04EC0-301F-11D3-BF4B-00C04F79EFBC}") = "RetrospectiveManager", "RetrospectiveManager\RetrospectiveManager.csproj", "{F6FB4D92-4F18-4DD5-903F-0B4FEC408F7D}"
EndProject
Project("{FAE04EC0-301F-11D3-BF4B-00C04F79EFBC}") = "MesClientTest", "MesClientTest\MesClientTest.csproj", "{802149A6-5A56-4797-B1BA-8328ECB3BDD8}"
EndProject
Project("{9A19103F-16F7-4668-BE54-9A1E7A4F7556}") = "CommonUtils", "..\..\..\..\..\CommonUtils\CommonLibrary\CommonUtils\CommonUtils\CommonUtils.csproj", "{EBFCA1B5-23F1-4F94-928A-DB1A7B98EED6}"
EndProject
Global
	GlobalSection(SolutionConfigurationPlatforms) = preSolution
		Debug|Any CPU = Debug|Any CPU
		Release|Any CPU = Release|Any CPU
	EndGlobalSection
	GlobalSection(ProjectConfigurationPlatforms) = postSolution
		{F6FB4D92-4F18-4DD5-903F-0B4FEC408F7D}.Debug|Any CPU.ActiveCfg = Debug|Any CPU
		{F6FB4D92-4F18-4DD5-903F-0B4FEC408F7D}.Debug|Any CPU.Build.0 = Debug|Any CPU
		{F6FB4D92-4F18-4DD5-903F-0B4FEC408F7D}.Release|Any CPU.ActiveCfg = Release|Any CPU
		{F6FB4D92-4F18-4DD5-903F-0B4FEC408F7D}.Release|Any CPU.Build.0 = Release|Any CPU
		{802149A6-5A56-4797-B1BA-8328ECB3BDD8}.Debug|Any CPU.ActiveCfg = Debug|Any CPU
		{802149A6-5A56-4797-B1BA-8328ECB3BDD8}.Debug|Any CPU.Build.0 = Debug|Any CPU
		{802149A6-5A56-4797-B1BA-8328ECB3BDD8}.Release|Any CPU.ActiveCfg = Release|Any CPU
		{802149A6-5A56-4797-B1BA-8328ECB3BDD8}.Release|Any CPU.Build.0 = Release|Any CPU
		{EBFCA1B5-23F1-4F94-928A-DB1A7B98EED6}.Debug|Any CPU.ActiveCfg = Debug|Any CPU
		{EBFCA1B5-23F1-4F94-928A-DB1A7B98EED6}.Debug|Any CPU.Build.0 = Debug|Any CPU
		{EBFCA1B5-23F1-4F94-928A-DB1A7B98EED6}.Release|Any CPU.ActiveCfg = Release|Any CPU
		{EBFCA1B5-23F1-4F94-928A-DB1A7B98EED6}.Release|Any CPU.Build.0 = Release|Any CPU
	EndGlobalSection
	GlobalSection(SolutionProperties) = preSolution
		HideSolutionNode = FALSE
	EndGlobalSection
	GlobalSection(ExtensibilityGlobals) = postSolution
		SolutionGuid = {2B7749BF-36B7-4B34-9F03-B6AAF9CC206F}
	EndGlobalSection
EndGlobal
