
Microsoft Visual Studio Solution File, Format Version 12.00
# Visual Studio Version 16
VisualStudioVersion = 16.0.28803.202
MinimumVisualStudioVersion = 10.0.40219.1
Project("{FAE04EC0-301F-11D3-BF4B-00C04F79EFBC}") = "CANManager", "CANManager\CANManager.csproj", "{3C6740CD-A3E0-4D3A-A961-F1456054E631}"
EndProject
Global
	GlobalSection(SolutionConfigurationPlatforms) = preSolution
		Debug|Any CPU = Debug|Any CPU
		Release|Any CPU = Release|Any CPU
	EndGlobalSection
	GlobalSection(ProjectConfigurationPlatforms) = postSolution
		{3C6740CD-A3E0-4D3A-A961-F1456054E631}.Debug|Any CPU.ActiveCfg = Debug|Any CPU
		{3C6740CD-A3E0-4D3A-A961-F1456054E631}.Debug|Any CPU.Build.0 = Debug|Any CPU
		{3C6740CD-A3E0-4D3A-A961-F1456054E631}.Release|Any CPU.ActiveCfg = Release|Any CPU
		{3C6740CD-A3E0-4D3A-A961-F1456054E631}.Release|Any CPU.Build.0 = Release|Any CPU
	EndGlobalSection
	GlobalSection(SolutionProperties) = preSolution
		HideSolutionNode = FALSE
	EndGlobalSection
	GlobalSection(ExtensibilityGlobals) = postSolution
		SolutionGuid = {BD686F9F-E11A-440B-AADB-EA1D4D6FFC69}
	EndGlobalSection
EndGlobal
