
Microsoft Visual Studio Solution File, Format Version 12.00
# Visual Studio Version 16
VisualStudioVersion = 16.0.28803.202
MinimumVisualStudioVersion = 10.0.40219.1
Project("{9A19103F-16F7-4668-BE54-9A1E7A4F7556}") = "SwaggerAPI02", "SwaggerAPI02.csproj", "{B6F79F96-E72B-4B83-A495-002A64D307BD}"
EndProject
Global
	GlobalSection(SolutionConfigurationPlatforms) = preSolution
		Debug|Any CPU = Debug|Any CPU
		Release|Any CPU = Release|Any CPU
	EndGlobalSection
	GlobalSection(ProjectConfigurationPlatforms) = postSolution
		{B6F79F96-E72B-4B83-A495-002A64D307BD}.Debug|Any CPU.ActiveCfg = Debug|Any CPU
		{B6F79F96-E72B-4B83-A495-002A64D307BD}.Debug|Any CPU.Build.0 = Debug|Any CPU
		{B6F79F96-E72B-4B83-A495-002A64D307BD}.Release|Any CPU.ActiveCfg = Release|Any CPU
		{B6F79F96-E72B-4B83-A495-002A64D307BD}.Release|Any CPU.Build.0 = Release|Any CPU
	EndGlobalSection
	GlobalSection(SolutionProperties) = preSolution
		HideSolutionNode = FALSE
	EndGlobalSection
	GlobalSection(ExtensibilityGlobals) = postSolution
		SolutionGuid = {F4C6BC20-878F-446E-9526-2C9C939743F4}
	EndGlobalSection
EndGlobal
