
Microsoft Visual Studio Solution File, Format Version 12.00
# Visual Studio Version 16
VisualStudioVersion = 16.0.28803.202
MinimumVisualStudioVersion = 10.0.40219.1
Project("{FAE04EC0-301F-11D3-BF4B-00C04F79EFBC}") = "MesnacCoding", "MesnacCoding\MesnacCoding.csproj", "{42BB9EE8-2909-43AB-BCD6-3C31BFC49A98}"
EndProject
Global
	GlobalSection(SolutionConfigurationPlatforms) = preSolution
		Debug|Any CPU = Debug|Any CPU
		Release|Any CPU = Release|Any CPU
	EndGlobalSection
	GlobalSection(ProjectConfigurationPlatforms) = postSolution
		{42BB9EE8-2909-43AB-BCD6-3C31BFC49A98}.Debug|Any CPU.ActiveCfg = Debug|Any CPU
		{42BB9EE8-2909-43AB-BCD6-3C31BFC49A98}.Debug|Any CPU.Build.0 = Debug|Any CPU
		{42BB9EE8-2909-43AB-BCD6-3C31BFC49A98}.Release|Any CPU.ActiveCfg = Release|Any CPU
		{42BB9EE8-2909-43AB-BCD6-3C31BFC49A98}.Release|Any CPU.Build.0 = Release|Any CPU
	EndGlobalSection
	GlobalSection(SolutionProperties) = preSolution
		HideSolutionNode = FALSE
	EndGlobalSection
	GlobalSection(ExtensibilityGlobals) = postSolution
		SolutionGuid = {65A1A368-95CD-4F5E-B7BE-4478DE226CFE}
	EndGlobalSection
EndGlobal
