
Microsoft Visual Studio Solution File, Format Version 12.00
# Visual Studio Version 16
VisualStudioVersion = 16.0.28803.202
MinimumVisualStudioVersion = 10.0.40219.1
Project("{FAE04EC0-301F-11D3-BF4B-00C04F79EFBC}") = "ADOServices.OAuth", "ADOServices.OAuth\ADOServices.OAuth.csproj", "{271B96DA-EB09-47C0-8E6E-35C005353EB7}"
EndProject
Project("{FAE04EC0-301F-11D3-BF4B-00C04F79EFBC}") = "OAuthChannel", "OAuth.Channel\OAuthChannel.csproj", "{A075D2BB-9E0E-4311-8507-930DE98F08B0}"
EndProject
Project("{FAE04EC0-301F-11D3-BF4B-00C04F79EFBC}") = "OAuthConsumerSample", "ExampleConsumerSite\OAuthConsumerSample.csproj", "{9B4F30AC-4A56-458B-A0C5-33114E2D3B16}"
EndProject
Project("{FAE04EC0-301F-11D3-BF4B-00C04F79EFBC}") = "OAuthWcfRestService", "OAuthWcfRestService\OAuthWcfRestService.csproj", "{953126D3-EA27-4145-A058-FA21AC1B61FC}"
EndProject
Project("{FAE04EC0-301F-11D3-BF4B-00C04F79EFBC}") = "DevDefined.OAuth", "..\DevDefined.OAuth\src\DevDefined.OAuth\DevDefined.OAuth.csproj", "{61B700B6-3911-4CEF-8751-7F42CA765068}"
EndProject
Global
	GlobalSection(SolutionConfigurationPlatforms) = preSolution
		Debug|Any CPU = Debug|Any CPU
		Release|Any CPU = Release|Any CPU
	EndGlobalSection
	GlobalSection(ProjectConfigurationPlatforms) = postSolution
		{271B96DA-EB09-47C0-8E6E-35C005353EB7}.Debug|Any CPU.ActiveCfg = Debug|Any CPU
		{271B96DA-EB09-47C0-8E6E-35C005353EB7}.Debug|Any CPU.Build.0 = Debug|Any CPU
		{271B96DA-EB09-47C0-8E6E-35C005353EB7}.Release|Any CPU.ActiveCfg = Release|Any CPU
		{271B96DA-EB09-47C0-8E6E-35C005353EB7}.Release|Any CPU.Build.0 = Release|Any CPU
		{A075D2BB-9E0E-4311-8507-930DE98F08B0}.Debug|Any CPU.ActiveCfg = Debug|Any CPU
		{A075D2BB-9E0E-4311-8507-930DE98F08B0}.Debug|Any CPU.Build.0 = Debug|Any CPU
		{A075D2BB-9E0E-4311-8507-930DE98F08B0}.Release|Any CPU.ActiveCfg = Release|Any CPU
		{A075D2BB-9E0E-4311-8507-930DE98F08B0}.Release|Any CPU.Build.0 = Release|Any CPU
		{9B4F30AC-4A56-458B-A0C5-33114E2D3B16}.Debug|Any CPU.ActiveCfg = Debug|Any CPU
		{9B4F30AC-4A56-458B-A0C5-33114E2D3B16}.Debug|Any CPU.Build.0 = Debug|Any CPU
		{9B4F30AC-4A56-458B-A0C5-33114E2D3B16}.Release|Any CPU.ActiveCfg = Release|Any CPU
		{9B4F30AC-4A56-458B-A0C5-33114E2D3B16}.Release|Any CPU.Build.0 = Release|Any CPU
		{953126D3-EA27-4145-A058-FA21AC1B61FC}.Debug|Any CPU.ActiveCfg = Debug|Any CPU
		{953126D3-EA27-4145-A058-FA21AC1B61FC}.Debug|Any CPU.Build.0 = Debug|Any CPU
		{953126D3-EA27-4145-A058-FA21AC1B61FC}.Release|Any CPU.ActiveCfg = Release|Any CPU
		{953126D3-EA27-4145-A058-FA21AC1B61FC}.Release|Any CPU.Build.0 = Release|Any CPU
		{61B700B6-3911-4CEF-8751-7F42CA765068}.Debug|Any CPU.ActiveCfg = Debug|Any CPU
		{61B700B6-3911-4CEF-8751-7F42CA765068}.Debug|Any CPU.Build.0 = Debug|Any CPU
		{61B700B6-3911-4CEF-8751-7F42CA765068}.Release|Any CPU.ActiveCfg = Release|Any CPU
		{61B700B6-3911-4CEF-8751-7F42CA765068}.Release|Any CPU.Build.0 = Release|Any CPU
	EndGlobalSection
	GlobalSection(SolutionProperties) = preSolution
		HideSolutionNode = FALSE
	EndGlobalSection
	GlobalSection(ExtensibilityGlobals) = postSolution
		SolutionGuid = {BB7097BB-B19B-425D-A561-AADF03A3D897}
	EndGlobalSection
EndGlobal
